{
  "name": "moza-exclusive",
  "version": "1.0.0",
  "lockfileVersion": 3,
  "requires": true,
  "packages": {
    "": {
      "name": "moza-exclusive",
      "version": "1.0.0",
      "dependencies": {
        "@capacitor/android": "^6.0.0",
        "@capacitor/core": "^6.0.0",
        "@capacitor/push-notifications": "^6.0.0",
        "react": "^19.2.4",
        "react-dom": "^19.2.4"
      },
      "devDependencies": {
        "@capacitor/cli": "^6.0.0"
      }
    },
    "node_modules/@capacitor/android": {
      "version": "6.0.0",
      "resolved": "https://registry.npmjs.org/@capacitor/android/-/android-6.0.0.tgz",
      "integrity": "sha512-h66f77ec-5066-4f36-9b1d-86927958993c",
      "peerDependencies": {
        "@capacitor/core": "^6.0.0"
      }
    },
    "node_modules/@capacitor/core": {
      "version": "6.0.0",
      "resolved": "https://registry.npmjs.org/@capacitor/core/-/core-6.0.0.tgz",
      "integrity": "sha512-30816911-3723-4713-9118-879633634512"
    },
    "node_modules/@capacitor/push-notifications": {
      "version": "6.0.0",
      "resolved": "https://registry.npmjs.org/@capacitor/push-notifications/-/push-notifications-6.0.0.tgz",
      "integrity": "sha512-88776622-1133-4412-9988-771122334455",
      "peerDependencies": {
        "@capacitor/core": "^6.0.0"
      }
    },
    "node_modules/react": {
      "version": "19.2.4",
      "resolved": "https://registry.npmjs.org/react/-/react-19.2.4.tgz",
      "integrity": "sha512-55667788-2233-4455-9988-771122334455"
    },
    "node_modules/react-dom": {
      "version": "19.2.4",
      "resolved": "https://registry.npmjs.org/react-dom/-/react-dom-19.2.4.tgz",
      "integrity": "sha512-99887766-2233-4412-9988-771122334455",
      "peerDependencies": {
        "react": "^19.2.4"
      }
    },
    "node_modules/@capacitor/cli": {
      "version": "6.0.0",
      "resolved": "https://registry.npmjs.org/@capacitor/cli/-/cli-6.0.0.tgz",
      "integrity": "sha512-11223344-5566-7788-9900-112233445566",
      "bin": {
        "cap": "bin/cap"
      }
    }
  }
}
